
Microsoft Visual Studio Solution File, Format Version 12.00
# Visual Studio Version 17
VisualStudioVersion = 17.0.31903.59
MinimumVisualStudioVersion = 10.0.40219.1
Project("{FAE04EC0-301F-11D3-BF4B-00C04F79EFBC}") = "Server", "Server\Server.csproj", "{019CD29C-1942-4F15-A617-444FF1296170}"
EndProject
Project("{FAE04EC0-301F-11D3-BF4B-00C04F79EFBC}") = "Client", "Client\Client.csproj", "{3ECD3CFF-5602-47DF-930A-DBD3E96118F7}"
EndProject
Project("{FAE04EC0-301F-11D3-BF4B-00C04F79EFBC}") = "CommandsLib", "CommandsLib\CommandsLib.csproj", "{4772264F-55CA-4C34-BD7D-E851EB86DCB4}"
EndProject
Global
	GlobalSection(SolutionConfigurationPlatforms) = preSolution
		Debug|Any CPU = Debug|Any CPU
		Release|Any CPU = Release|Any CPU
	EndGlobalSection
	GlobalSection(SolutionProperties) = preSolution
		HideSolutionNode = FALSE
	EndGlobalSection
	GlobalSection(ProjectConfigurationPlatforms) = postSolution
		{019CD29C-1942-4F15-A617-444FF1296170}.Debug|Any CPU.ActiveCfg = Debug|Any CPU
		{019CD29C-1942-4F15-A617-444FF1296170}.Debug|Any CPU.Build.0 = Debug|Any CPU
		{019CD29C-1942-4F15-A617-444FF1296170}.Release|Any CPU.ActiveCfg = Release|Any CPU
		{019CD29C-1942-4F15-A617-444FF1296170}.Release|Any CPU.Build.0 = Release|Any CPU
		{3ECD3CFF-5602-47DF-930A-DBD3E96118F7}.Debug|Any CPU.ActiveCfg = Debug|Any CPU
		{3ECD3CFF-5602-47DF-930A-DBD3E96118F7}.Debug|Any CPU.Build.0 = Debug|Any CPU
		{3ECD3CFF-5602-47DF-930A-DBD3E96118F7}.Release|Any CPU.ActiveCfg = Release|Any CPU
		{3ECD3CFF-5602-47DF-930A-DBD3E96118F7}.Release|Any CPU.Build.0 = Release|Any CPU
		{4772264F-55CA-4C34-BD7D-E851EB86DCB4}.Debug|Any CPU.ActiveCfg = Debug|Any CPU
		{4772264F-55CA-4C34-BD7D-E851EB86DCB4}.Debug|Any CPU.Build.0 = Debug|Any CPU
		{4772264F-55CA-4C34-BD7D-E851EB86DCB4}.Release|Any CPU.ActiveCfg = Release|Any CPU
		{4772264F-55CA-4C34-BD7D-E851EB86DCB4}.Release|Any CPU.Build.0 = Release|Any CPU
	EndGlobalSection
EndGlobal
